[[package]]
category = "main"
description = "Abseil Python Common Libraries, see https://github.com/abseil/abseil-py."
name = "absl-py"
optional = false
python-versions = "*"
version = "0.7.1"

[package.dependencies]
six = "*"

[[package]]
category = "main"
description = "Read/rewrite/write Python ASTs"
name = "astor"
optional = false
python-versions = ">=2.7, !=3.0.*, !=3.1.*, !=3.2.*, !=3.3.*"
version = "0.7.1"

[[package]]
category = "main"
description = "Composable command line interface toolkit"
name = "click"
optional = false
python-versions = ">=2.7, !=3.0.*, !=3.1.*, !=3.2.*, !=3.3.*"
version = "7.0"

[[package]]
category = "main"
description = "Composable style cycles"
name = "cycler"
optional = false
python-versions = "*"
version = "0.10.0"

[package.dependencies]
six = "*"

[[package]]
category = "main"
description = "An intuitive Python library for processing and converting text-based data formats like JSON and CSV"
name = "dataknead"
optional = false
python-versions = "*"
version = "0.2.0"

[[package]]
category = "main"
description = "Better living through Python with decorators"
name = "decorator"
optional = false
python-versions = ">=2.6, !=3.0.*, !=3.1.*"
version = "4.4.0"

[[package]]
category = "main"
description = "A toolkit for making real world machine learning and data analysis applications"
name = "dlib"
optional = false
python-versions = "*"
version = "19.17.0"

[[package]]
category = "main"
description = "Recognize faces from Python or from the command line"
name = "face-recognition"
optional = false
python-versions = "*"
version = "1.2.3"

[package.dependencies]
Click = ">=6.0"
Pillow = "*"
dlib = ">=19.7"
face-recognition-models = ">=0.3.0"
numpy = "*"

[[package]]
category = "main"
description = "Models used by the face_recognition package."
name = "face-recognition-models"
optional = false
python-versions = "*"
version = "0.3.0"

[[package]]
category = "main"
description = "Python bindings for FFmpeg - with complex filtering support"
name = "ffmpeg-python"
optional = false
python-versions = "*"
version = "0.1.17"

[package.dependencies]
future = "*"

[[package]]
category = "main"
description = "Clean single-source support for Python 3 and 2"
name = "future"
optional = false
python-versions = ">=2.6, !=3.0.*, !=3.1.*, !=3.2.*"
version = "0.17.1"

[[package]]
category = "main"
description = "Python AST that abstracts the underlying Python version"
name = "gast"
optional = false
python-versions = ">=2.7, !=3.0.*, !=3.1.*, !=3.2.*, !=3.3.*"
version = "0.2.2"

[[package]]
category = "main"
description = "HTTP/2-based RPC framework"
name = "grpcio"
optional = false
python-versions = "*"
version = "1.20.1"

[package.dependencies]
six = ">=1.5.2"

[[package]]
category = "main"
description = "Read and write HDF5 files from Python"
name = "h5py"
optional = false
python-versions = "*"
version = "2.9.0"

[package.dependencies]
numpy = ">=1.7"
six = "*"

[[package]]
category = "main"
description = "Library for reading and writing a wide range of image, video, scientific, and volumetric data formats."
name = "imageio"
optional = false
python-versions = ">=2.7, !=3.0.*, !=3.1.*, !=3.2.*, !=3.3.*"
version = "2.5.0"

[package.dependencies]
numpy = "*"
pillow = "*"

[[package]]
category = "main"
description = "A series of convenience functions to make basic image processing functions such as translation, rotation, resizing, skeletonization, displaying Matplotlib images, sorting contours, detecting edges, and much more easier with OpenCV and both Python 2.7 and Python 3."
name = "imutils"
optional = false
python-versions = "*"
version = "0.5.2"

[[package]]
category = "main"
description = "Lightweight pipelining: using Python functions as pipeline jobs."
name = "joblib"
optional = false
python-versions = "*"
version = "0.14.0"

[[package]]
category = "main"
description = "Reference implementations of popular deep learning models"
name = "keras-applications"
optional = false
python-versions = "*"
version = "1.0.7"

[package.dependencies]
h5py = "*"
numpy = ">=1.9.1"

[[package]]
category = "main"
description = "Easy data preprocessing and data augmentation for deep learning models"
name = "keras-preprocessing"
optional = false
python-versions = "*"
version = "1.0.9"

[package.dependencies]
numpy = ">=1.9.1"
six = ">=1.9.0"

[[package]]
category = "main"
description = "A fast implementation of the Cassowary constraint solver"
name = "kiwisolver"
optional = false
python-versions = ">=2.7, !=3.0.*, !=3.1.*, !=3.2.*, !=3.3.*"
version = "1.1.0"

[package.dependencies]
setuptools = "*"

[[package]]
category = "main"
description = "Python implementation of Markdown."
name = "markdown"
optional = false
python-versions = ">=2.7,!=3.0.*,!=3.1.*,!=3.2.*,!=3.3.*,!=3.4.*"
version = "3.1"

[package.dependencies]
setuptools = ">=36"

[[package]]
category = "main"
description = "Python plotting package"
name = "matplotlib"
optional = false
python-versions = ">=3.5"
version = "3.0.3"

[package.dependencies]
cycler = ">=0.10"
kiwisolver = ">=1.0.1"
numpy = ">=1.10.0"
pyparsing = ">=2.0.1,<2.0.4 || >2.0.4,<2.1.2 || >2.1.2,<2.1.6 || >2.1.6"
python-dateutil = ">=2.1"

[[package]]
category = "main"
description = "Rolling backport of unittest.mock for all Pythons"
name = "mock"
optional = false
python-versions = ">=2.7, !=3.0.*, !=3.1.*, !=3.2.*, !=3.3.*"
version = "3.0.4"

[package.dependencies]
six = "*"

[[package]]
category = "main"
description = "Python package for creating and manipulating graphs and networks"
name = "networkx"
optional = false
python-versions = ">=3.5"
version = "2.3"

[package.dependencies]
decorator = ">=4.3.0"

[[package]]
category = "main"
description = "NumPy is the fundamental package for array computing with Python."
name = "numpy"
optional = false
python-versions = ">=2.7,!=3.0.*,!=3.1.*,!=3.2.*,!=3.3.*"
version = "1.16.3"

[[package]]
category = "main"
description = "Wrapper package for OpenCV python bindings."
name = "opencv-python"
optional = false
python-versions = "*"
version = "4.1.0.25"

[package.dependencies]
numpy = ">=1.11.1"

[[package]]
category = "main"
description = "Powerful data structures for data analysis, time series, and statistics"
name = "pandas"
optional = false
python-versions = ">=2.7,!=3.0.*,!=3.1.*,!=3.2.*,!=3.3.*,!=3.4.*"
version = "0.24.2"

[package.dependencies]
numpy = ">=1.12.0"
python-dateutil = ">=2.5.0"
pytz = ">=2011k"

[[package]]
category = "main"
description = "Python Imaging Library (Fork)"
name = "pillow"
optional = false
python-versions = ">=2.7, !=3.0.*, !=3.1.*, !=3.2.*, !=3.3.*, !=3.4.*"
version = "6.0.0"

[[package]]
category = "main"
description = "Protocol Buffers"
name = "protobuf"
optional = false
python-versions = "*"
version = "3.7.1"

[package.dependencies]
setuptools = "*"
six = ">=1.9"

[[package]]
category = "main"
description = "Python parsing module"
name = "pyparsing"
optional = false
python-versions = ">=2.6, !=3.0.*, !=3.1.*, !=3.2.*"
version = "2.4.0"

[[package]]
category = "main"
description = "Extensions to the standard Python datetime module"
name = "python-dateutil"
optional = false
python-versions = ">=2.7, !=3.0.*, !=3.1.*, !=3.2.*"
version = "2.8.0"

[package.dependencies]
six = ">=1.5"

[[package]]
category = "main"
description = "World timezone definitions, modern and historical"
name = "pytz"
optional = false
python-versions = "*"
version = "2019.1"

[[package]]
category = "main"
description = "PyWavelets, wavelet transform module"
name = "pywavelets"
optional = false
python-versions = "*"
version = "1.0.3"

[package.dependencies]
numpy = ">=1.9.1"

[[package]]
category = "main"
description = "Image processing routines for SciPy"
name = "scikit-image"
optional = false
python-versions = ">=3.5"
version = "0.15.0"

[package.dependencies]
PyWavelets = ">=0.4.0"
imageio = ">=2.0.1"
matplotlib = ">=2.0.0,<3.0.0 || >3.0.0"
networkx = ">=2.0"
pillow = ">=4.3.0"
scipy = ">=0.17.0"

[[package]]
category = "main"
description = "A set of python modules for machine learning and data mining"
name = "scikit-learn"
optional = false
python-versions = ">=3.5"
version = "0.22"

[package.dependencies]
joblib = ">=0.11"
numpy = ">=1.11.0"
scipy = ">=0.17.0"

[[package]]
category = "main"
description = "SciPy: Scientific Library for Python"
name = "scipy"
optional = false
python-versions = ">=2.7,!=3.0.*,!=3.1.*,!=3.2.*,!=3.3.*"
version = "1.2.1"

[package.dependencies]
numpy = ">=1.8.2"

[[package]]
category = "main"
description = "Python 2 and 3 compatibility utilities"
name = "six"
optional = false
python-versions = ">=2.6, !=3.0.*, !=3.1.*"
version = "1.12.0"

[[package]]
category = "main"
description = "A set of python modules for machine learning and data mining"
name = "sklearn"
optional = false
python-versions = "*"
version = "0.0"

[package.dependencies]
scikit-learn = "*"

[[package]]
category = "main"
description = "TensorBoard lets you watch Tensors Flow"
name = "tensorboard"
optional = false
python-versions = ">= 2.7, != 3.0.*, != 3.1.*"
version = "1.13.1"

[package.dependencies]
absl-py = ">=0.4"
grpcio = ">=1.6.3"
markdown = ">=2.6.8"
numpy = ">=1.12.0"
protobuf = ">=3.6.0"
six = ">=1.10.0"
werkzeug = ">=0.11.15"

[package.dependencies.wheel]
python = ">=3"
version = ">=0.26"

[[package]]
category = "main"
description = "TensorFlow is an open source machine learning framework for everyone."
name = "tensorflow"
optional = false
python-versions = "*"
version = "1.13.1"

[package.dependencies]
absl-py = ">=0.1.6"
astor = ">=0.6.0"
gast = ">=0.2.0"
grpcio = ">=1.8.6"
keras-applications = ">=1.0.6"
keras-preprocessing = ">=1.0.5"
numpy = ">=1.13.3"
protobuf = ">=3.6.1"
six = ">=1.10.0"
tensorboard = ">=1.13.0,<1.14.0"
tensorflow-estimator = ">=1.13.0,<1.14.0rc0"
termcolor = ">=1.1.0"
wheel = ">=0.26"

[[package]]
category = "main"
description = "TensorFlow Estimator."
name = "tensorflow-estimator"
optional = false
python-versions = "*"
version = "1.13.0"

[package.dependencies]
absl-py = ">=0.1.6"
mock = ">=2.0.0"
numpy = ">=1.13.3"
six = ">=1.10.0"

[[package]]
category = "main"
description = "ANSII Color formatting for output in terminal."
name = "termcolor"
optional = false
python-versions = "*"
version = "1.1.0"

[[package]]
category = "main"
description = "Fast, Extensible Progress Meter"
name = "tqdm"
optional = false
python-versions = ">=2.6, !=3.0.*, !=3.1.*"
version = "4.31.1"

[[package]]
category = "main"
description = "The comprehensive WSGI web application library."
name = "werkzeug"
optional = false
python-versions = ">=2.7, !=3.0.*, !=3.1.*, !=3.2.*, !=3.3.*"
version = "0.15.2"

[[package]]
category = "main"
description = "A built-package format for Python."
name = "wheel"
optional = false
python-versions = ">=2.7, !=3.0.*, !=3.1.*, !=3.2.*, !=3.3.*"
version = "0.33.1"

[metadata]
content-hash = "d18bd78df4d942701fc5ad5ce12bdd89f2e306e1ba77b55cbcc13316635fcc86"
python-versions = "^3.6"

[metadata.hashes]
absl-py = ["b943d1c567743ed0455878fcd60bc28ac9fae38d129d1ccfad58079da00b8951"]
astor = ["95c30d87a6c2cf89aa628b87398466840f0ad8652f88eb173125a6df8533fb8d", "fb503b9e2fdd05609fbf557b916b4a7824171203701660f0c55bbf5a7a68713e"]
click = ["2335065e6395b9e67ca716de5f7526736bfa6ceead690adf616d925bdc622b13", "5b94b49521f6456670fdb30cd82a4eca9412788a93fa6dd6df72c94d5a8ff2d7"]
cycler = ["1d8a5ae1ff6c5cf9b93e8811e581232ad8920aeec647c37316ceac982b08cb2d", "cd7b2d1018258d7247a71425e9f26463dfb444d411c39569972f4ce586b0c9d8"]
dataknead = ["4c8358267efd37a09cecfca7de3ba042fac4a8db8067a10edb5d2a4a98a9f179"]
decorator = ["86156361c50488b84a3f148056ea716ca587df2f0de1d34750d35c21312725de", "f069f3a01830ca754ba5258fde2278454a0b5b79e0d7f5c13b3b97e57d4acff6"]
dlib = ["92587c81b0165e933593f505fdf099dface0d0f8ec874b1d8655fc774598911f"]
face-recognition = ["08c41397d3b899ed5b4a801646abd20935a2610ac4ba8643173db0aef6372f21", "a03eb709d1280bc3ca648add274ff741761b4c56f5317167252fc90cb519eda1"]
face-recognition-models = ["b79bd200a88c87c9a9d446c990ae71c5a626d1f3730174e6d570157ff1d896cf"]
ffmpeg-python = ["2f621af3b2e76ed7bf481cc076429802f206c437eb109274dc8b06476bc6c063", "4003b6c57d357dd135376a8581022f37715e73d9c60878476ba9b765ecc6da11", "e160d0fb481e74614f257812da9c53d1188a57e3ee18e6f2852916b5cb1b4901"]
future = ["67045236dcfd6816dc439556d009594abf643e5eb48992e36beac09c2ca659b8"]
gast = ["fe939df4583692f0512161ec1c880e0a10e71e6a232da045ab8edd3756fbadf0"]
grpcio = ["0442f7d0c527ceab6a76159937ae8109941eace90ec00cb1bd08fc4f3179e52e", "051957d0f61f4dec90868a54ee969228409926a0a19fd8ed7b4a0e50388effee", "0d262794b2339770d5378a5717f8ddbfb68e409974582f0503272b90b7cc79bd", "142693dc8bd427c595d030f75bf8d01c843d9ccb659499e8507ad22da832e9cf", "18d44515a3fd3a71442abb5a1c65fc1909d859c13cda50c974cbc69742a80cea", "1d50674bdffa18ea6143e0df9a1b97cdeab583ce5dd1cabda3502ee75215065c", "3945335a5b8332995415c5f03da1a5f6e36da6ede819a611e2cbb093cf752bdd", "3a9603ff14070524f4c69634afad6b280b07ad9f8c2c346c4b2290306e1928ac", "52861aac5c1dcf4c841eb555b257cfb56d0c840a286495078382f538d0a34d6a", "53c512c7c8af9cb9e3e1cc5ce5e4a5fb2f2e7695e69219f90016bc602abe2f3b", "57ea92c9b81015e5f2cc355e53f08a4e661b78a207857311c7b8c55137a43b29", "5f8574c9e42d1917e41cdedc6312682a96e4547114c7bb0f3de125199a58b3d6", "638ff1a45dd7a226b2b9390296a111142363fe2b5503499f3987d599bce0683c", "64fe0dc897f1f19a6500948862857cb3b97247be997bc47b4dbade42f8af5f97", "67920ec7d2de89845e5232aed41271ef53e1a362c8ffb84f6a6c6e644a75ce3a", "714cddc170efeedf6312d8534ef7f52dcf20dd8f5fb7c5e425c2b6819ac1b9ec", "7edf33e929b1666ff68bfc280b9021a862ab423d0e6306889cc2bc7c907dfc27", "84eb47b1a47e206e78f453fb92a155ed0d18d2ca8747f5c67e4b50b9c37180a7", "8a6289e5c38318cba75115f0bf88be166ead40c83c10dd81ace52f1ab5dc1eab", "8bd5b8c3c8872da748dc8810b664699a5f1d49f2c9ab2b205b96ec9fe06741ad", "93e7672348d4c68ac570c499a794ff4453a1928c39cbe708472a0e1b77176411", "9d37fb214674f0f194a80df5ad0b9c9b9f2fa5c5408ceaf0fc796e57588404d9", "9de6746a749634004499bac773ad9877d84d826aca2dc14ba4ebd3cd9f64ed74", "9e530c69d6e566ca985193a63363af36a7560a23f4979df6e392bb1bdf05caed", "b37f36da8f4d0bf07d53eb34395b68f5e0dc0bcee207affde9ba29bbf6bd6ced", "cf9b57d139e44eab294ab31eb0181150d877440a8a321bb4422e2c09f6c7a7d9", "dd716aab42be3d1fde74577e42b6319b6399b07d418e49b653e0e1bcd88399bc", "dea43aa864edc3b3d8de1f6e40144119fbccdf04525b3ece4fef9392b6eed436", "e6cbd27559ff91c98991b8ec4ef19f394bf9056d6897aabb9af79568307181d3", "f58e3377da8e8e453068dffc00d17691a97ffd1c3a5a7460b890cf83a9ca6edf", "f938fdfb780a0658d04e1d727b4fb470490087c56cb31ba75cb54fb4bea515bd", "fee4accad7a113004aef226b851f0494c01fc8d281fdebd74468f19cc45354a0"]
h5py = ["05750b91640273c69989c657eaac34b091abdd75efc8c4824c82aaf898a2da0a", "082a27208aa3a2286e7272e998e7e225b2a7d4b7821bd840aebf96d50977abbb", "08e2e8297195f9e813e894b6c63f79372582787795bba2014a2db6a2de95f713", "0dd2adeb2e9de5081eb8dcec88874e7fd35dae9a21557be3a55a3c7d491842a4", "0f94de7a10562b991967a66bbe6dda9808e18088676834c0a4dcec3fdd3bcc6f", "106e42e2e01e486a3d32eeb9ba0e3a7f65c12fa8998d63625fa41fb8bdc44cdb", "1606c66015f04719c41a9863c156fc0e6b992150de21c067444bcb82e7d75579", "1854c4beff9961e477e133143c5e5e355dac0b3ebf19c52cf7cc1b1ef757703c", "1e9fb6f1746500ea91a00193ce2361803c70c6b13f10aae9a33ad7b5bd28e800", "2cca17e80ddb151894333377675db90cd0279fa454776e0a4f74308376afd050", "30e365e8408759db3778c361f1e4e0fe8e98a875185ae46c795a85e9bafb9cdf", "3206bac900e16eda81687d787086f4ffd4f3854980d798e191a9868a6510c3ae", "3c23d72058647cee19b30452acc7895621e2de0a0bd5b8a1e34204b9ea9ed43c", "407b5f911a83daa285bbf1ef78a9909ee5957f257d3524b8606be37e8643c5f0", "4162953714a9212d373ac953c10e3329f1e830d3c7473f2a2e4f25dd6241eef0", "5fc7aba72a51b2c80605eba1c50dbf84224dcd206279d30a75c154e5652e1fe4", "713ac19307e11de4d9833af0c4bd6778bde0a3d967cafd2f0f347223711c1e31", "71b946d80ef3c3f12db157d7778b1fe74a517ca85e94809358b15580983c2ce2", "8cc4aed71e20d87e0a6f02094d718a95252f11f8ed143bc112d22167f08d4040", "9d41ca62daf36d6b6515ab8765e4c8c4388ee18e2a665701fef2b41563821002", "a744e13b000f234cd5a5b2a1f95816b819027c57f385da54ad2b7da1adace2f3", "b087ee01396c4b34e9dc41e3a6a0442158206d383c19c7d0396d52067b17c1cb", "b0f03af381d33306ce67d18275b61acb4ca111ced645381387a02c8a5ee1b796", "b9e4b8dfd587365bdd719ae178fa1b6c1231f81280b1375eef8626dfd8761bf3", "c5dd4ec75985b99166c045909e10f0534704d102848b1d9f0992720e908928e7", "d2b82f23cd862a9d05108fe99967e9edfa95c136f532a71cb3d28dc252771f50", "e58a25764472af07b7e1c4b10b0179c8ea726446c7141076286e41891bf3a563", "f3b49107fbfc77333fc2b1ef4d5de2abcd57e7ea3a1482455229494cf2da56ce"]
imageio = ["1a2bbbb7cd38161340fa3b14d806dfbf914abf3ee6fd4592af2afb87d049f209", "42e65aadfc3d57a1043615c92bdf6319b67589e49a0aae2b985b82144aceacad"]
imutils = ["1d2bdf373e3e6cfbdc113d4e91547d3add3774d8722c8d4f225fa39586fb8076"]
joblib = ["006108c7576b3eb6c5b27761ddbf188eb6e6347696325ab2027ea1ee9a4b922d", "6fcc57aacb4e89451fd449e9412687c51817c3f48662c3d8f38ba3f8a0a193ff"]
keras-applications = ["60607b2b98868983e5153bf1cc6aa468ba73adc93bc977a90edaa4bc595e69fa", "94b8acc84fb8b1e3d752e20ed4cafa8377c9ecf6e6c1aa09942d959dc02e439a"]
keras-preprocessing = ["0170b799a7562f80ad7931d22d56de22cf4bdd502e11c48f31a46380137a70a8", "5e3700117981c2db762e512ed6586638124fac5842170701628088a11aeb51ac"]
kiwisolver = ["05b5b061e09f60f56244adc885c4a7867da25ca387376b02c1efc29cc16bcd0f", "26f4fbd6f5e1dabff70a9ba0d2c4bd30761086454aa30dddc5b52764ee4852b7", "3b2378ad387f49cbb328205bda569b9f87288d6bc1bf4cd683c34523a2341efe", "400599c0fe58d21522cae0e8b22318e09d9729451b17ee61ba8e1e7c0346565c", "47b8cb81a7d18dbaf4fed6a61c3cecdb5adec7b4ac292bddb0d016d57e8507d5", "53eaed412477c836e1b9522c19858a8557d6e595077830146182225613b11a75", "58e626e1f7dfbb620d08d457325a4cdac65d1809680009f46bf41eaf74ad0187", "5a52e1b006bfa5be04fe4debbcdd2688432a9af4b207a3f429c74ad625022641", "5c7ca4e449ac9f99b3b9d4693debb1d6d237d1542dd6a56b3305fe8a9620f883", "682e54f0ce8f45981878756d7203fd01e188cc6c8b2c5e2cf03675390b4534d5", "79bfb2f0bd7cbf9ea256612c9523367e5ec51d7cd616ae20ca2c90f575d839a2", "7f4dd50874177d2bb060d74769210f3bce1af87a8c7cf5b37d032ebf94f0aca3", "8944a16020c07b682df861207b7e0efcd2f46c7488619cb55f65882279119389", "8aa7009437640beb2768bfd06da049bad0df85f47ff18426261acecd1cf00897", "939f36f21a8c571686eb491acfffa9c7f1ac345087281b412d63ea39ca14ec4a", "9733b7f64bd9f807832d673355f79703f81f0b3e52bfce420fc00d8cb28c6a6c", "a02f6c3e229d0b7220bd74600e9351e18bc0c361b05f29adae0d10599ae0e326", "a0c0a9f06872330d0dd31b45607197caab3c22777600e88031bfe66799e70bb0", "acc4df99308111585121db217681f1ce0eecb48d3a828a2f9bbf9773f4937e9e", "b64916959e4ae0ac78af7c3e8cef4becee0c0e9694ad477b4c6b3a536de6a544", "d3fcf0819dc3fea58be1fd1ca390851bdb719a549850e708ed858503ff25d995", "d52e3b1868a4e8fd18b5cb15055c76820df514e26aa84cc02f593d99fef6707f", "db1a5d3cc4ae943d674718d6c47d2d82488ddd94b93b9e12d24aabdbfe48caee", "e3a21a720791712ed721c7b95d433e036134de6f18c77dbe96119eaf7aa08004", "e8bf074363ce2babeb4764d94f8e65efd22e6a7c74860a4f05a6947afc020ff2", "f16814a4a96dc04bf1da7d53ee8d5b1d6decfc1a92a63349bb15d37b6a263dd9", "f2b22153870ca5cf2ab9c940d7bc38e8e9089fa0f7e5856ea195e1cf4ff43d5a", "f790f8b3dff3d53453de6a7b7ddd173d2e020fb160baff578d578065b108a05f"]
markdown = ["fc4a6f69a656b8d858d7503bda633f4dd63c2d70cf80abdc6eafa64c4ae8c250", "fe463ff51e679377e3624984c829022e2cfb3be5518726b06f608a07a3aad680"]
matplotlib = ["1ae6549976b6ceb6ee426272a28c0fc9715b3e3669694d560c8f661c5b39e2c5", "4d4250bf508dd07cca3b43888097f873cadb66eec6ac63dbbfb798798ec07af2", "53af2e01d7f1700ed2b64a9091bc865360c9c4032f625451c4589a826854c787", "63e498067d32d627111cd1162cae1621f1221f9d4c6a9745dd7233f29de581b6", "7169a34971e398dd58e87e173f97366fd88a3fa80852704530433eb224a8ca57", "91c54d6bb9eeaaff965656c5ea6cbdcbf780bad8462ac99b30b451548194746f", "aeef177647bb3fccfe09065481989d7dfc5ac59e9367d6a00a3481062cf651e4", "cf8ae10559a78aee0409ede1e9d4fda03895433eeafe609dd9ed67e45f552db0", "d51d0889d1c4d51c51a9822265c0494ea3e70a52bdd88358e0863daca46fa23a", "de5ccd3500247f85fe4f9fad90f80a8bd397e4f110a4c33fabf95f07403e8372", "e1d33589e32f482d0a7d1957bf473d43341115d40d33f578dad44432e47df7b7", "e8d1939262aa6b36d0c51f50a50a43a04b9618d20db31e6c0192b1463067aeef", "e918d51b1fda82a65fdf52d2f3914b2246481cc2a9cd10e223e6be6078916ff3"]
mock = ["21a2c07af3bbc4a77f9d14ac18fcc1782e8e7ea363df718740cdeaf61995b5e7", "7868db2825a1563578869d4a011a036503a2f1d60f9ff9dd1e3205cd6e25fcec"]
networkx = ["8311ddef63cf5c5c5e7c1d0212dd141d9a1fe3f474915281b73597ed5f1d4e3d"]
numpy = ["0e2eed77804b2a6a88741f8fcac02c5499bba3953ec9c71e8b217fad4912c56c", "1c666f04553ef70fda54adf097dbae7080645435fc273e2397f26bbf1d127bbb", "1f46532afa7b2903bfb1b79becca2954c0a04389d19e03dc73f06b039048ac40", "315fa1b1dfc16ae0f03f8fd1c55f23fd15368710f641d570236f3d78af55e340", "3d5fcea4f5ed40c3280791d54da3ad2ecf896f4c87c877b113576b8280c59441", "48241759b99d60aba63b0e590332c600fc4b46ad597c9b0a53f350b871ef0634", "4b4f2924b36d857cf302aec369caac61e43500c17eeef0d7baacad1084c0ee84", "54fe3b7ed9e7eb928bbc4318f954d133851865f062fa4bbb02ef8940bc67b5d2", "5a8f021c70e6206c317974c93eaaf9bc2b56295b6b1cacccf88846e44a1f33fc", "754a6be26d938e6ca91942804eb209307b73f806a1721176278a6038869a1686", "771147e654e8b95eea1293174a94f34e2e77d5729ad44aefb62fbf8a79747a15", "78a6f89da87eeb48014ec652a65c4ffde370c036d780a995edaeb121d3625621", "7fde5c2a3a682a9e101e61d97696687ebdba47637611378b4127fe7e47fdf2bf", "80d99399c97f646e873dd8ce87c38cfdbb668956bbc39bc1e6cac4b515bba2a0", "88a72c1e45a0ae24d1f249a529d9f71fe82e6fa6a3fd61414b829396ec585900", "a4f4460877a16ac73302a9c077ca545498d9fe64e6a81398d8e1a67e4695e3df", "a61255a765b3ac73ee4b110b28fccfbf758c985677f526c2b4b39c48cc4b509d", "ab4896a8c910b9a04c0142871d8800c76c8a2e5ff44763513e1dd9d9631ce897", "abbd6b1c2ef6199f4b7ca9f818eb6b31f17b73a6110aadc4e4298c3f00fab24e", "b16d88da290334e33ea992c56492326ea3b06233a00a1855414360b77ca72f26", "b78a1defedb0e8f6ae1eb55fa6ac74ab42acc4569c3a2eacc2a407ee5d42ebcb", "cfef82c43b8b29ca436560d51b2251d5117818a8d1fb74a8384a83c096745dad", "d160e57731fcdec2beda807ebcabf39823c47e9409485b5a3a1db3a8c6ce763e"]
opencv-python = ["1703a296a96d3d46615e5053f224867977accb4240bcaa0fcabcb0768bf5ac13", "1777ce7535ee7a1995cae168a107a1320e9df13648b930e72a1a2c2eccd64cda", "1e5520482fb18fbd64d079e7f17ac0018f195fd75f6360a53bb82d7903106b50", "25522dcf2529614750a71112a6659759080b4bdc2323f19d47f4d895960fd796", "2af5f2842ad44c65ae2647377e0ff198719e1a1cfc9c6a19bc0c525c035d4bd8", "31ec48d7eca13fc25c287dea7cecab453976e372cad8f50d55c054a247efda21", "47cf48ff5dbd554e9f58cc9e98cf0b5de3f6a971172612bffa06bc5fb79ce872", "494f98366bb5d6c2ac7e50e6617139f353704fd97a6d12ec9d392e72817d5cb0", "4a9845870739e640e3350a8d98d511c92c087fe3d66090e83be7bf94e0ac64f7", "4ac29cc0847d948a6636899014e84e165c30cc8779d6218394d44363462a01ce", "5857ace03b7854221abf8072462d306c2c2ce4e366190b21d90ee8ee8aaf5bb4", "5b4a23d99d5a2874767034466f5a8fd37b9f93ac14955a01b1a208983c76b9ad", "734d87a5021c037064beb62133e135e66c7128e401a63b8b842b809ae2093749", "78005c1c5d15ef4e32e0f485557bd15b5b6d87f49c19db7fe3e9246a61ebe7e4", "81ae2283225c5c52fc3d72debd4241c30ccff2bb922578bf7867f9851cce3acb", "88dbf900f297fdae0f62b899d6a784d8868ec2135854c5f8a9abbad00a6f0c5b", "8c98ea7b8d327a31cd6028782a06147d0e0329ae8e829e881fb5d02f7ed8aec9", "937d4686fef6967921145290f5b50c01c00c5b5d3542a6519e8a85cd88448723", "a057958c0e362b3c4f03b9af1cbdb6d5af035fd22ecd7fd794eba8fdeb049eb8", "c41eab31fa2c641226c6187caa391a688d064c99f078d604574f1912296b771f", "cf4f7e62d1f80d1fa85a1693a3500def5cde54b2b75212b3609e552e4c25acfb", "d90d60143e18334330c149f293071c9f2f3c79c896f33dc4ec65099e58baaaa7", "db3106b7ca86999a7bd1f2fcc93e49314e5e6e451356774e421a69428df5020b", "dbaf264db56f4771dfac6624f438bc4dc670aa94f61a6138848fcab7e9e77380", "e65206c4cf651dc9cf0829962fae8bec986767c9f123d6a1ad17f9356bf7257e", "eac94ddc78c58e891cff7180274317dad2938a4ddfc6ced1c04846c7f50e77e9", "f2e828711f044a965509c862b3a59b3181e9c56c145a950cb53d43fec54e66d2"]
pandas = ["071e42b89b57baa17031af8c6b6bbd2e9a5c68c595bc6bf9adabd7a9ed125d3b", "17450e25ae69e2e6b303817bdf26b2cd57f69595d8550a77c308be0cd0fd58fa", "17916d818592c9ec891cbef2e90f98cc85e0f1e89ed0924c9b5220dc3209c846", "2538f099ab0e9f9c9d09bbcd94b47fd889bad06dc7ae96b1ed583f1dc1a7a822", "366f30710172cb45a6b4f43b66c220653b1ea50303fbbd94e50571637ffb9167", "42e5ad741a0d09232efbc7fc648226ed93306551772fc8aecc6dce9f0e676794", "4e718e7f395ba5bfe8b6f6aaf2ff1c65a09bb77a36af6394621434e7cc813204", "4f919f409c433577a501e023943e582c57355d50a724c589e78bc1d551a535a2", "4fe0d7e6438212e839fc5010c78b822664f1a824c0d263fd858f44131d9166e2", "5149a6db3e74f23dc3f5a216c2c9ae2e12920aa2d4a5b77e44e5b804a5f93248", "627594338d6dd995cfc0bacd8e654cd9e1252d2a7c959449228df6740d737eb8", "83c702615052f2a0a7fb1dd289726e29ec87a27272d775cb77affe749cca28f8", "8c872f7fdf3018b7891e1e3e86c55b190e6c5cee70cab771e8f246c855001296", "90f116086063934afd51e61a802a943826d2aac572b2f7d55caaac51c13db5b5", "a3352bacac12e1fc646213b998bce586f965c9d431773d9e91db27c7c48a1f7d", "bcdd06007cca02d51350f96debe51331dec429ac8f93930a43eb8fb5639e3eb5", "c1bd07ebc15285535f61ddd8c0c75d0d6293e80e1ee6d9a8d73f3f36954342d0", "c9a4b7c55115eb278c19aa14b34fcf5920c8fe7797a09b7b053ddd6195ea89b3", "cc8fc0c7a8d5951dc738f1c1447f71c43734244453616f32b8aa0ef6013a5dfb", "d7b460bc316064540ce0c41c1438c416a40746fd8a4fb2999668bf18f3c4acf1"]
pillow = ["0683e80d81e840d401b687ebc00a02bbb23d0793c34d0852a5af64cfa1589540", "09c4e81c3277199898e8dc2d85d94febad87c41251ecbd447ba7d64d94765bd8", "0ee74a23022af9baf997e3016b4e090e4ff08688d37a6f49010338ab46cfe101", "10860baedfe5da7c43cd17835b091494dcc59dda5ad176a011713fe398ea6ac2", "15c056bfa284c30a7f265a41ac4cbbc93bdbfc0dfe0613b9cb8a8581b51a9e55", "1a4e06ba4f74494ea0c58c24de2bb752818e9d504474ec95b0aa94f6b0a7e479", "1c3c707c76be43c9e99cb7e3d5f1bee1c8e5be8b8a2a5eeee665efbf8ddde91a", "1fd0b290203e3b0882d9605d807b03c0f47e3440f97824586c173eca0aadd99d", "24114e4a6e1870c5a24b1da8f60d0ba77a0b4027907860188ea82bd3508c80eb", "258d886a49b6b058cd7abb0ab4b2b85ce78669a857398e83e8b8e28b317b5abb", "2734c55f7d054b0ad889c971136cbb0a5b35a921e27beaa44fdc2436af529c6e", "2ac36ec56727a95bd5a04dfca6abce1db8042c31ee73b65796a42f31fd52d009", "2bc1002b573d107c0b172a5da0f34b4900b2ddc6c3296b82d601e966d5ac1959", "33c79b6dd6bc7f65079ab9ca5bebffb5f5d1141c689c9c6a7855776d1b09b7e8", "367385fc797b2c31564c427430c7a8630db1a00bd040555dfc1d5c52e39fcd72", "3c1884ff078fb8bf5f63d7d86921838b82ed4a7d0c027add773c2f38b3168754", "44e5240e8f4f8861d748f2a58b3f04daadab5e22bfec896bf5434745f788f33f", "46aa988e15f3ea72dddd81afe3839437b755fffddb5e173886f11460be909dce", "492e1e4df823b57f9334f591c78a1e0e65a361e92594534e0568eeeeea56bbba", "50fb9e25d25cfcb50b2e6842c4e104e4f0b424be4624e1724532bf005c67589a", "5ceadd60dbd1e56ab7faffbfee1df5ecb83c3f0420e47f652cd5306d70eb0296", "74d90d499c9c736d52dd6d9b7221af5665b9c04f1767e35f5dd8694324bd4601", "7eeac51fc37e6b19631a4b8e38b8261a074efcf7cc27fc16a6bee4697af7aaa5", "809c0a2ce9032cbcd7b5313f71af4bdc5c8c771cb86eb7559afd954cab82ebb5", "85d1ef2cdafd5507c4221d201aaf62fc9276f8b0f71bd3933363e62a33abc734", "8c3889c7681af77ecfa4431cd42a2885d093ecb811e81fbe5e203abc07e0995b", "9218d81b9fca98d2c47d35d688a0cea0c42fd473159dfd5612dcb0483c63e40b", "9319215530e236822169cbe92426cdc18d16b88c943fdf365a6309a89876e335", "96ec275c83bf839972d6a7dd7d685fdfb6a3233c3c382ecff839d04e7d53955d", "9aa4f3827992288edd37c9df345783a69ef58bd20cc02e64b36e44bcd157bbf1", "9d80f44137a70b6f84c750d11019a3419f409c944526a95219bea0ac31f4dd91", "b7ebd36128a2fe93991293f997e44be9286503c7530ace6a55b938b20be288d8", "c30857e1fbf7d4a4b79d7d376eefaf293ea4307b8293d00a62e6f517f51bfe9b", "c4c78e2c71c257c136cdd43869fd3d5e34fc2162dc22e4a5406b0ebe86958239", "c5472ea3945e8f9eb0659f37fc1f592fd06f4f725f0f03774a8999ad8c130334", "c6a842537f887be1fe115d8abb5daa9bc8cc124e455ff995830cc785624a97af", "cf0a2e040fdf5a6d95f4c286c6ef1df6b36c218b528c8a9158ec2452a804b9b8", "cfd28aad6fc61f7a5d4ee556a997dc6e5555d9381d1390c00ecaf984d57e4232", "d0fd1ec2e7c3e0aeaae999efe83f5d0f42c1160a1f8be5120d40857d20baa452", "dca5660e25932771460d4688ccbb515677caaf8595f3f3240ec16c117deff89a", "de7aedc85918c2f887886442e50f52c1b93545606317956d65f342bd81cb4fc3", "e6c0bbf8e277b74196e3140c35f9a1ae3eafd818f7f2d3a15819c49135d6c062"]
protobuf = ["21e395d7959551e759d604940a115c51c6347d90a475c9baf471a1a86b5604a9", "57e05e16955aee9e6a0389fcbd58d8289dd2420e47df1a1096b3a232c26eb2dd", "67819e8e48a74c68d87f25cad9f40edfe2faf278cdba5ca73173211b9213b8c9", "75da7d43a2c8a13b0bc7238ab3c8ae217cbfd5979d33b01e98e1f78defb2d060", "78e08371e236f193ce947712c072542ff19d0043ab5318c2ea46bbc2aaebdca6", "7ee5b595db5abb0096e8c4755e69c20dfad38b2d0bcc9bc7bafc652d2496b471", "86260ecfe7a66c0e9d82d2c61f86a14aa974d340d159b829b26f35f710f615db", "92c77db4bd33ea4ee5f15152a835273f2338a5246b2cbb84bab5d0d7f6e9ba94", "9c7b90943e0e188394b4f068926a759e3b4f63738190d1ab3d500d53b9ce7614", "a77f217ea50b2542bae5b318f7acee50d9fc8c95dd6d3656eaeff646f7cab5ee", "ad589ed1d1f83db22df867b10e01fe445516a5a4d7cfa37fe3590a5f6cfc508b", "b06a794901bf573f4b2af87e6139e5cd36ac7c91ac85d7ae3fe5b5f6fc317513", "bd8592cc5f8b4371d0bad92543370d4658dc41a5ccaaf105597eb5524c616291", "be48e5a6248a928ec43adf2bea037073e5da692c0b3c10b34f9904793bd63138", "cc5eb13f5ccc4b1b642cc147c2cdd121a34278b341c7a4d79e91182fff425836", "cd3b0e0ad69b74ee55e7c321f52a98effed2b4f4cc9a10f3683d869de00590d5", "d6e88c4920660aa75c0c2c4b53407aef5efd9a6e0ca7d2fc84d79aba2ccbda3a", "ec3c49b6d247152e19110c3a53d9bb4cf917747882017f70796460728b02722e", "f1f5d8b8e0bc9651d81b40ad3d9fb7cdd858ea31fc116dd230393465849dbecd"]
pyparsing = ["1873c03321fc118f4e9746baf201ff990ceb915f433f23b395f5580d1840cb2a", "9b6323ef4ab914af344ba97510e966d64ba91055d6b9afa6b30799340e89cc03"]
python-dateutil = ["7e6584c74aeed623791615e26efd690f29817a27c73085b78e4bad02493df2fb", "c89805f6f4d64db21ed966fda138f8a5ed7a4fdbc1a8ee329ce1b74e3c74da9e"]
pytz = ["303879e36b721603cc54604edcac9d20401bdbe31e1e4fdee5b9f98d5d31dfda", "d747dd3d23d77ef44c6a3526e274af6efeb0a6f1afd5a69ba4d5be4098c8e141"]
pywavelets = ["18b193b67937e805a8e79c036bd2aa4ea3a357737256efeefdabd19c95083c3b", "1d7ba03baa81938b17d4819db36f018e680d929af329062af4d4b6d6236d02ba", "21f39d86cc35e003576fc1400b15534e2999570418fcdb17ea62d1ff8773b076", "250412f482d5cb358b7ec323b2a783d91e5cfc337fdf8fde3c59bf2c35d6366f", "25c0c592bf43eaffb4d3c6b6444b14c7407db750b6f2d344d809d4af934319d9", "2f2cdd96e4882b0c18e75cc90c4710de429ac226ce53b58a90c7420e3e307631", "3abed8dcd3e94ead72ee8010b494df5a9bdbdd5e39129d52fbf8066efa323a51", "3e99ab8feeb47755738fb8deb8154c9604c4a7996b1b7db6b090475105ca7c92", "64926c4c78dd690ec0d61be20f7c27cfbde6de9fa66ab8205eb079d9db6927fc", "687ec8877c10e3a03595ad167d1ea2662bc1ab13ef43d63a6e207a53b2ee4c26", "6af0077c7a4c9935aa64301f6942468b494656b8812e801d4a635cf42088f96c", "7215856a5d2e1a2dccca1f71d912ee6a7387086f3b3adcb55d7c41314c6abb0c", "9e47b241533add77961093b1e40cfff031597d429e91ad7c675838be0f7cc0df", "9e782f49dca57bc0fd2a40c0917949d77be2ecc999ccd44fff57fb10aa214135", "a12c7a6258c0015d2c75d88b87393ee015494551f049009e8b63eafed2d78efc", "a5027d47484498e70391b311a2688c4f74294de629b982ed17be57be4c77ade7", "ab02363467ee3cb222c5b425bc53453270ddae72bce313e72fd14616692d725a", "adc79308c65a2007bdbd5846fda70088e7ead0ef0a5a6f44d08829e9478a907f", "afaaee392450785a346d9e5e5f6e5307b13958d8b0633818632cb38972a7752a", "b26b836c7f71df7b2779e62d1338367cfe37b98324e9b0d54b428ac030e3d1f0", "b9adbc27d70a2626c235a18b41315de2832c384651d03383db7a58c2a2bccc6f", "bd6e62efb7839fd6bf894b7b9aec6d58be0c44a38ea0c9f3c5bea834d84d05eb", "de083a3a71576a9c3d8ba73b6f0425e4690d6ac6e480562f30bec5cb20667324", "e89551257233a3da717a9e6e2e303243df75faffe0b6781d21c15eb9d682ec6d", "eafb7d609c41a04028144f4b6697792f448554960ef353244aaf0a5883263543", "fb3ee9f65d25ee5c89104e533d5f341c253cdb9543ef6fcd6dfa599b12e84f1c"]
scikit-image = ["0fb4f61ba28e7034dc490b7fd37a35428493cc1180205991aea41ab78c1a3b2a", "117244d206f014fcdc7fd3b03dc25ffd3c32be49c5103b916dadcf3c268ce629", "2dee5c19893bbfebeb30c2edd47e3092d84fe671e1278c8e1b8ab0b541b88590", "2edf2189a89d68e7909bfe939f6f9978d4807c4c2c6464b9d23944171272efe5", "56f8ec5106c1b6037f25395eb6a2c29cbbb1baa9d8cedb48a6488a697f9e0c02", "5c24501fbe0000bf215418ced56fc718ae5bbd004df7dc460fd3fb095385dec5", "6665b00b649237171eb0c34ec7d2c5ee96f51cc826edf1b70654fc05fddec7a8", "676838be922fdc7c65a1bfa71409b382874d60e2a7a0c968fe832f63b485842d", "6b8697a52e1e3c2663f74a0a972cc601d2ceb5b3299cc9be3c3b6ac41d76d238", "91208ff13381ccbacce8a38a771e9d9d8982dce146581bcf6656aa8fd05d06ea", "a8fb7dc56b14656768fdf21d4325bf82f543fad51dc83c24aa6a27456a946a2d", "bea86976ab9b7bebca43721b3ff8fd74a002e1fd95e7600987cd42664fde8a39", "ce9354571e1323ed98251723a7e5ffb3526ddd3b533a27aaca4ebd13ed479c56", "df111e654b47e5ea456c50553debe4c5ddd97258894c7ad3b7f2f9f10798e053", "ed6d2dbb54a68b200df8783fcb17c406ece20420c8c86508ab0f5966e8631da5", "f0491621a6b1d2828d47acaf41d3167a647eaae44ef8fcf83b72eb3e1cc7ac51"]
scikit-learn = ["0098757148ee055796370ca5f4c5887940c46f87a4989f7ca9be6a2c42803ef1", "06b78e6f62b6a89b00acc873ee823c99ddf4ee1d461a02ce0d22276a17d2c13e", "07aaa1d639759ebfa33e747022d3fde880eb4343c6a7ddd916478be3a6b98d67", "087fffad9e7604bbbaa078bdfdf6919a96495f0eb742c70dd900820224c20a0a", "09b81c1145437fd5d25a2e8419621185c22b05450a7c77ad0a568194bbd65963", "1632967d8fbae09e6090ef6bd632681c5fc64b95378a858c59fd37b57357425e", "3004fe60aca1f20b80d13698e5d9123e0d500062b548c733a9f230ab943ce334", "314abf60c073c48a1e95feaae9f3ca47a2139bd77cebb5b877c23a45c9e03012", "594e693aef1dca29ab5823781f8db15815f257295cff52868f0602553ee5c66b", "5e426ed57851e60d2edb63a60888cc85e47b129f69f9c26eb872d8b7581c4c63", "63b7c4ddd5a6ed504ee7a6d2670dc8df478b70c4e31a2d165de82c4d6f4b6e1b", "8049f6330bbd1f8dd8db587fbfb69f8150efb36a22ddb4d178a0479c027496c5", "8509da5e03155c872d2e646763f4d42cfbdbd460dad9b803dba7602c32b7a605", "8c524b4567bb4d5ea172aa0d8212fe1b06898c4ad130ac443bbe0e5f4bd9d104", "ab3f791d5663bcc8137ea2339cbbd81907d2c7f51da6ef0402a6a37ef74bd857", "ac81facbda6ac2296e5d7b7518dc15d93858fda34f7d7877a5e9bbc2c8b0b5aa", "bc48a36424a6af3c353827a5d68abdad132f5ca843d721852fdf8b2e8d6277d3", "c252cfb331e15188d731253cffaa04a87fb0ea7aad5bff9f85229b5b883c8290", "ca60076ba9e38ed936a0e7fb5a0d18cffe375840d9dc4e562df7e0f5ee066d4d", "df3111e9a6d1b5009b45d10e98276e1e7fafefc538a6496e4e80042bba27cf68", "e321baa1210d20ac9751f4f8ec5e64affc44c93992a7e61611663884cd3e4b5a"]
scipy = ["014cb900c003b5ac81a53f2403294e8ecf37aedc315b59a6b9370dce0aa7627a", "281a34da34a5e0de42d26aed692ab710141cad9d5d218b20643a9cb538ace976", "588f9cc4bfab04c45fbd19c1354b5ade377a8124d6151d511c83730a9b6b2338", "5a10661accd36b6e2e8855addcf3d675d6222006a15795420a39c040362def66", "628f60be272512ca1123524969649a8cb5ae8b31cca349f7c6f8903daf9034d7", "6dcc43a88e25b815c2dea1c6fac7339779fc988f5df8396e1de01610604a7c38", "70e37cec0ac0fe95c85b74ca4e0620169590fd5d3f44765f3c3a532cedb0e5fd", "7274735fb6fb5d67d3789ddec2cd53ed6362539b41aa6cc0d33a06c003aaa390", "78e12972e144da47326958ac40c2bd1c1cca908edc8b01c26a36f9ffd3dce466", "790cbd3c8d09f3a6d9c47c4558841e25bac34eb7a0864a9def8f26be0b8706af", "79792c8fe8e9d06ebc50fe23266522c8c89f20aa94ac8e80472917ecdce1e5ba", "865afedf35aaef6df6344bee0de391ee5e99d6e802950a237f9fb9b13e441f91", "870fd401ec7b64a895cff8e206ee16569158db00254b2f7157b4c9a5db72c722", "963815c226b29b0176d5e3d37fc9de46e2778ce4636a5a7af11a48122ef2577c", "9726791484f08e394af0b59eb80489ad94d0a53bbb58ab1837dcad4d58489863", "9de84a71bb7979aa8c089c4fb0ea0e2ed3917df3fb2a287a41aaea54bbad7f5d", "b2c324ddc5d6dbd3f13680ad16a29425841876a84a1de23a984236d1afff4fa6", "b86ae13c597fca087cb8c193870507c8916cefb21e52e1897da320b5a35075e5", "ba0488d4dbba2af5bf9596b849873102d612e49a118c512d9d302ceafa36e01a", "d78702af4102a3a4e23bb7372cec283e78f32f5573d92091aa6aaba870370fe1", "def0e5d681dd3eb562b059d355ae8bebe27f5cc455ab7c2b6655586b63d3a8ea", "e085d1babcb419bbe58e2e805ac61924dac4ca45a07c9fa081144739e500aa3c", "e2cfcbab37c082a5087aba5ff00209999053260441caadd4f0e8f4c2d6b72088", "e742f1f5dcaf222e8471c37ee3d1fd561568a16bb52e031c25674ff1cf9702d5", "f06819b028b8ef9010281e74c59cb35483933583043091ed6b261bb1540f11cc", "f15f2d60a11c306de7700ee9f65df7e9e463848dbea9c8051e293b704038da60", "f31338ee269d201abe76083a990905473987371ff6f3fdb76a3f9073a361cf37", "f6b88c8d302c3dac8dff7766955e38d670c82e0d79edfc7eae47d6bb2c186594"]
six = ["3350809f0555b11f552448330d0b52d5f24c91a322ea4a15ef22629740f3761c", "d16a0141ec1a18405cd4ce8b4613101da75da0e9a7aec5bdd4fa804d0e0eba73"]
sklearn = ["e23001573aa194b834122d2b9562459bf5ae494a2d59ca6b8aa22c85a44c0e31"]
tensorboard = ["53d8f40589c903dae65f39a799c2bc49defae3703754984d90613d26ebd714a4", "b664fe7772be5670d8b04200342e681af7795a12cd752709aed565c06c0cc196"]
tensorflow = ["0de5887495c20e1130ae4d9bcfaf80cec87f579a9c27a84141a588a46e5aa853", "0f305f3c461ed2ce5e0b65fccc7b7452f483c7935dd8a52a466d622e642fdea8", "4325f20b5a703b80a5f7a8807f07ad8735025bd2a947093ffff1c26fbdc7980b", "4c86be0e476b64cedf4ffa059d71b764e75b895effb697345687e3057929a7b5", "6b0a0a413390302ce7c22c98695983d6fb8406861cfb418b25536f57a96c0b89", "77eec2351d0a9b5312ea01ee4c78c13996f249cf1bead2e68256a65e533f45ef", "87bf719a564f11d63e4f614e933e5a612dd4e67c88266b774236e0982f5fcf69", "ba29e66331cd2a8f824e0fa937ce44bd624bc37739f2f083694e473051d89ace", "bc374f5a662b6e164cd1c4da61ccc752ec208a44893d2f9dcf47d2a0a2cef311", "bcf86966b7554e407bb7d73341f2e108df62a910d40b4cd2a914867f2a5de51c", "c3abffd51c168cfd62a557243c47a29ab48deb52a64465e6818060f20755ddb4", "c41862c65628261229db22e33f9e570d845eeb5cea66dcbaebe404405edaa69b", "d7341617aedd73c2c847755e87697e9c19eb625c73da26d6cd669220c5565119", "de0425b58cb34006e4500565239b4c3a3055b95bff132f097fa46c87d8e463c9", "f21fb65c8e874f40c654bc9b3ff3db3ec26f98f03fe64a541bc768f6f5c52ac2"]
tensorflow-estimator = ["7cfdaa3e83e3532f31713713feb98be7ea9f3065722be4267e49b6c301271419"]
termcolor = ["1d6d69ce66211143803fbc56652b41d73b4a400a2891d7bf7a1cdf4c02de613b"]
tqdm = ["d385c95361699e5cf7622485d9b9eae2d4864b21cd5a2374a9c381ffed701021", "e22977e3ebe961f72362f6ddfb9197cc531c9737aaf5f607ef09740c849ecd05"]
werkzeug = ["0a73e8bb2ff2feecfc5d56e6f458f5b99290ef34f565ffb2665801ff7de6af7a", "7fad9770a8778f9576693f0cc29c7dcc36964df916b83734f4431c0e612a7fbc"]
wheel = ["66a8fd76f28977bb664b098372daef2b27f60dc4d1688cfab7b37a09448f0e9d", "8eb4a788b3aec8abf5ff68d4165441bc57420c9f64ca5f471f58c3969fe08668"]
